
Microsoft Visual Studio Solution File, Format Version 12.00
# Visual Studio Version 17
VisualStudioVersion = 17.5.002.0
MinimumVisualStudioVersion = 10.0.40219.1
Project("{9A19103F-16F7-4668-BE54-9A1E7A4F7556}") = "Calculadora", "Calculadora.csproj", "{C9BC810C-1236-42EE-8389-E9A3D9E7BFA8}"
EndProject
Global
	GlobalSection(SolutionConfigurationPlatforms) = preSolution
		Debug|Any CPU = Debug|Any CPU
		Release|Any CPU = Release|Any CPU
	EndGlobalSection
	GlobalSection(ProjectConfigurationPlatforms) = postSolution
		{C9BC810C-1236-42EE-8389-E9A3D9E7BFA8}.Debug|Any CPU.ActiveCfg = Debug|Any CPU
		{C9BC810C-1236-42EE-8389-E9A3D9E7BFA8}.Debug|Any CPU.Build.0 = Debug|Any CPU
		{C9BC810C-1236-42EE-8389-E9A3D9E7BFA8}.Release|Any CPU.ActiveCfg = Release|Any CPU
		{C9BC810C-1236-42EE-8389-E9A3D9E7BFA8}.Release|Any CPU.Build.0 = Release|Any CPU
	EndGlobalSection
	GlobalSection(SolutionProperties) = preSolution
		HideSolutionNode = FALSE
	EndGlobalSection
	GlobalSection(ExtensibilityGlobals) = postSolution
		SolutionGuid = {B52549A6-946F-4F12-A896-FC709E131889}
	EndGlobalSection
EndGlobal
